
Microsoft Visual Studio Solution File, Format Version 12.00
# Visual Studio Version 16
VisualStudioVersion = 16.0.30907.101
MinimumVisualStudioVersion = 10.0.40219.1
Project("{FAE04EC0-301F-11D3-BF4B-00C04F79EFBC}") = "JSExecutor", "JSExecutor\JSExecutor.csproj", "{A12D5B46-004D-492D-BFB4-429AC5F94A72}"
EndProject
Global
	GlobalSection(SolutionConfigurationPlatforms) = preSolution
		Debug|Any CPU = Debug|Any CPU
		Release|Any CPU = Release|Any CPU
	EndGlobalSection
	GlobalSection(ProjectConfigurationPlatforms) = postSolution
		{A12D5B46-004D-492D-BFB4-429AC5F94A72}.Debug|Any CPU.ActiveCfg = Debug|Any CPU
		{A12D5B46-004D-492D-BFB4-429AC5F94A72}.Debug|Any CPU.Build.0 = Debug|Any CPU
		{A12D5B46-004D-492D-BFB4-429AC5F94A72}.Release|Any CPU.ActiveCfg = Release|Any CPU
		{A12D5B46-004D-492D-BFB4-429AC5F94A72}.Release|Any CPU.Build.0 = Release|Any CPU
	EndGlobalSection
	GlobalSection(SolutionProperties) = preSolution
		HideSolutionNode = FALSE
	EndGlobalSection
	GlobalSection(ExtensibilityGlobals) = postSolution
		SolutionGuid = {850801C6-0853-48B0-9E5F-5D19F5EFA1F9}
	EndGlobalSection
EndGlobal
